
Microsoft Visual Studio Solution File, Format Version 12.00
# Visual Studio Version 17
VisualStudioVersion = 17.2.32519.379
MinimumVisualStudioVersion = 10.0.40219.1
Project("{FAE04EC0-301F-11D3-BF4B-00C04F79EFBC}") = "pryCuadroDialogo", "pryCuadroDialogo.csproj", "{2B0DF1EC-3FEE-4F9F-804F-E1C06C9E1B69}"
EndProject
Global
	GlobalSection(SolutionConfigurationPlatforms) = preSolution
		Debug|Any CPU = Debug|Any CPU
		Release|Any CPU = Release|Any CPU
	EndGlobalSection
	GlobalSection(ProjectConfigurationPlatforms) = postSolution
		{2B0DF1EC-3FEE-4F9F-804F-E1C06C9E1B69}.Debug|Any CPU.ActiveCfg = Debug|Any CPU
		{2B0DF1EC-3FEE-4F9F-804F-E1C06C9E1B69}.Debug|Any CPU.Build.0 = Debug|Any CPU
		{2B0DF1EC-3FEE-4F9F-804F-E1C06C9E1B69}.Release|Any CPU.ActiveCfg = Release|Any CPU
		{2B0DF1EC-3FEE-4F9F-804F-E1C06C9E1B69}.Release|Any CPU.Build.0 = Release|Any CPU
	EndGlobalSection
	GlobalSection(SolutionProperties) = preSolution
		HideSolutionNode = FALSE
	EndGlobalSection
	GlobalSection(ExtensibilityGlobals) = postSolution
		SolutionGuid = {51148E33-6E5F-4FBA-8B1B-2F29CA2369AC}
	EndGlobalSection
EndGlobal
